
Microsoft Visual Studio Solution File, Format Version 12.00
# Visual Studio Version 17
VisualStudioVersion = 17.2.32630.192
MinimumVisualStudioVersion = 10.0.40219.1
Project("{9A19103F-16F7-4668-BE54-9A1E7A4F7556}") = "BlogAPI", "BlogAPI\BlogAPI.csproj", "{705537DD-7F7F-4E50-9535-33EFA465A39A}"
EndProject
Project("{FAE04EC0-301F-11D3-BF4B-00C04F79EFBC}") = "BlogTeste", "BlogTeste\BlogTeste.csproj", "{15B95F0B-0F88-4EE6-AAB8-1BEAB577CA3E}"
EndProject
Global
	GlobalSection(SolutionConfigurationPlatforms) = preSolution
		Debug|Any CPU = Debug|Any CPU
		Release|Any CPU = Release|Any CPU
	EndGlobalSection
	GlobalSection(ProjectConfigurationPlatforms) = postSolution
		{705537DD-7F7F-4E50-9535-33EFA465A39A}.Debug|Any CPU.ActiveCfg = Debug|Any CPU
		{705537DD-7F7F-4E50-9535-33EFA465A39A}.Debug|Any CPU.Build.0 = Debug|Any CPU
		{705537DD-7F7F-4E50-9535-33EFA465A39A}.Release|Any CPU.ActiveCfg = Release|Any CPU
		{705537DD-7F7F-4E50-9535-33EFA465A39A}.Release|Any CPU.Build.0 = Release|Any CPU
		{15B95F0B-0F88-4EE6-AAB8-1BEAB577CA3E}.Debug|Any CPU.ActiveCfg = Debug|Any CPU
		{15B95F0B-0F88-4EE6-AAB8-1BEAB577CA3E}.Debug|Any CPU.Build.0 = Debug|Any CPU
		{15B95F0B-0F88-4EE6-AAB8-1BEAB577CA3E}.Release|Any CPU.ActiveCfg = Release|Any CPU
		{15B95F0B-0F88-4EE6-AAB8-1BEAB577CA3E}.Release|Any CPU.Build.0 = Release|Any CPU
	EndGlobalSection
	GlobalSection(SolutionProperties) = preSolution
		HideSolutionNode = FALSE
	EndGlobalSection
	GlobalSection(ExtensibilityGlobals) = postSolution
		SolutionGuid = {AC3843AD-AF98-4200-926E-C4478DCECC7B}
	EndGlobalSection
EndGlobal
